// !$*UTF8*$!
{
	archiveVersion = 1;
	classes = {
	};
	objectVersion = 46;
	objects = {

/* Begin PBXBuildFile section */
		764717151D4377F400D2D176 /* MapViewController.swift in Sources */ = {isa = PBXBuildFile; fileRef = 764717141D4377F400D2D176 /* MapViewController.swift */; };
		767C29AD1D4267D400EFF52B /* AppDelegate.swift in Sources */ = {isa = PBXBuildFile; fileRef = 767C29AC1D4267D400EFF52B /* AppDelegate.swift */; };
		767C29AF1D4267D400EFF52B /* ViewController.swift in Sources */ = {isa = PBXBuildFile; fileRef = 767C29AE1D4267D400EFF52B /* ViewController.swift */; };
		767C29B21D4267D400EFF52B /* Main.storyboard in Resources */ = {isa = PBXBuildFile; fileRef = 767C29B01D4267D400EFF52B /* Main.storyboard */; };
		767C29B51D4267D400EFF52B /* Favourite_Places.xcdatamodeld in Sources */ = {isa = PBXBuildFile; fileRef = 767C29B31D4267D400EFF52B /* Favourite_Places.xcdatamodeld */; };
		767C29B71D4267D400EFF52B /* Assets.xcassets in Resources */ = {isa = PBXBuildFile; fileRef = 767C29B61D4267D400EFF52B /* Assets.xcassets */; };
		767C29BA1D4267D400EFF52B /* LaunchScreen.storyboard in Resources */ = {isa = PBXBuildFile; fileRef = 767C29B81D4267D400EFF52B /* LaunchScreen.storyboard */; };
		767C29C21D4267E000EFF52B /* CoreLocation.framework in Frameworks */ = {isa = PBXBuildFile; fileRef = 767C29C11D4267E000EFF52B /* CoreLocation.framework */; };
/* End PBXBuildFile section */

/* Begin PBXFileReference section */
		764717141D4377F400D2D176 /* MapViewController.swift */ = {isa = PBXFileReference; fileEncoding = 4; lastKnownFileType = sourcecode.swift; path = MapViewController.swift; sourceTree = "<group>"; };
		767C29A91D4267D400EFF52B /* Favourite Places.app */ = {isa = PBXFileReference; explicitFileType = wrapper.application; includeInIndex = 0; path = "Favourite Places.app"; sourceTree = BUILT_PRODUCTS_DIR; };
		767C29AC1D4267D400EFF52B /* AppDelegate.swift */ = {isa = PBXFileReference; lastKnownFileType = sourcecode.swift; path = AppDelegate.swift; sourceTree = "<group>"; };
		767C29AE1D4267D400EFF52B /* ViewController.swift */ = {isa = PBXFileReference; lastKnownFileType = sourcecode.swift; path = ViewController.swift; sourceTree = "<group>"; };
		767C29B11D4267D400EFF52B /* Base */ = {isa = PBXFileReference; lastKnownFileType = file.storyboard; name = Base; path = Base.lproj/Main.storyboard; sourceTree = "<group>"; };
		767C29B41D4267D400EFF52B /* Favourite_Places.xcdatamodel */ = {isa = PBXFileReference; lastKnownFileType = wrapper.xcdatamodel; path = Favourite_Places.xcdatamodel; sourceTree = "<group>"; };
		767C29B61D4267D400EFF52B /* Assets.xcassets */ = {isa = PBXFileReference; lastKnownFileType = folder.assetcatalog; path = Assets.xcassets; sourceTree = "<group>"; };
		767C29B91D4267D400EFF52B /* Base */ = {isa = PBXFileReference; lastKnownFileType = file.storyboard; name = Base; path = Base.lproj/LaunchScreen.storyboard; sourceTree = "<group>"; };
		767C29BB1D4267D400EFF52B /* Info.plist */ = {isa = PBXFileReference; lastKnownFileType = text.plist.xml; path = Info.plist; sourceTree = "<group>"; };
		767C29C11D4267E000EFF52B /* CoreLocation.framework */ = {isa = PBXFileReference; lastKnownFileType = wrapper.framework; name = CoreLocation.framework; path = System/Library/Frameworks/CoreLocation.framework; sourceTree = SDKROOT; };
/* End PBXFileReference section */

/* Begin PBXFrameworksBuildPhase section */
		767C29A61D4267D400EFF52B /* Frameworks */ = {
			isa = PBXFrameworksBuildPhase;
			buildActionMask = 2147483647;
			files = (
				767C29C21D4267E000EFF52B /* CoreLocation.framework in Frameworks */,
			);
			runOnlyForDeploymentPostprocessing = 0;
		};
/* End PBXFrameworksBuildPhase section */

/* Begin PBXGroup section */
		767C29A01D4267D400EFF52B = {
			isa = PBXGroup;
			children = (
				767C29C11D4267E000EFF52B /* CoreLocation.framework */,
				767C29AB1D4267D400EFF52B /* Favourite Places */,
				767C29AA1D4267D400EFF52B /* Products */,
			);
			sourceTree = "<group>";
		};
		767C29AA1D4267D400EFF52B /* Products */ = {
			isa = PBXGroup;
			children = (
				767C29A91D4267D400EFF52B /* Favourite Places.app */,
			);
			name = Products;
			sourceTree = "<group>";
		};
		767C29AB1D4267D400EFF52B /* Favourite Places */ = {
			isa = PBXGroup;
			children = (
				767C29AC1D4267D400EFF52B /* AppDelegate.swift */,
				767C29AE1D4267D400EFF52B /* ViewController.swift */,
				764717141D4377F400D2D176 /* MapViewController.swift */,
				767C29B01D4267D400EFF52B /* Main.storyboard */,
				767C29B61D4267D400EFF52B /* Assets.xcassets */,
				767C29B81D4267D400EFF52B /* LaunchScreen.storyboard */,
				767C29BB1D4267D400EFF52B /* Info.plist */,
				767C29B31D4267D400EFF52B /* Favourite_Places.xcdatamodeld */,
			);
			path = "Favourite Places";
			sourceTree = "<group>";
		};
/* End PBXGroup section */

/* Begin PBXNativeTarget section */
		767C29A81D4267D400EFF52B /* Favourite Places */ = {
			isa = PBXNativeTarget;
			buildConfigurationList = 767C29BE1D4267D400EFF52B /* Build configuration list for PBXNativeTarget "Favourite Places" */;
			buildPhases = (
				767C29A51D4267D400EFF52B /* Sources */,
				767C29A61D4267D400EFF52B /* Frameworks */,
				767C29A71D4267D400EFF52B /* Resources */,
			);
			buildRules = (
			);
			dependencies = (
			);
			name = "Favourite Places";
			productName = "Favourite Places";
			productReference = 767C29A91D4267D400EFF52B /* Favourite Places.app */;
			productType = "com.apple.product-type.application";
		};
/* End PBXNativeTarget section */

/* Begin PBXProject section */
		767C29A11D4267D400EFF52B /* Project object */ = {
			isa = PBXProject;
			attributes = {
				LastSwiftUpdateCheck = 0730;
				LastUpgradeCheck = 0730;
				ORGANIZATIONNAME = "Gagandeep Nagpal";
				TargetAttributes = {
					767C29A81D4267D400EFF52B = {
						CreatedOnToolsVersion = 7.3.1;
						DevelopmentTeam = JP9FFSKWS4;
					};
				};
			};
			buildConfigurationList = 767C29A41D4267D400EFF52B /* Build configuration list for PBXProject "Favourite Places" */;
			compatibilityVersion = "Xcode 3.2";
			developmentRegion = English;
			hasScannedForEncodings = 0;
			knownRegions = (
				en,
				Base,
			);
			mainGroup = 767C29A01D4267D400EFF52B;
			productRefGroup = 767C29AA1D4267D400EFF52B /* Products */;
			projectDirPath = "";
			projectRoot = "";
			targets = (
				767C29A81D4267D400EFF52B /* Favourite Places */,
			);
		};
/* End PBXProject section */

/* Begin PBXResourcesBuildPhase section */
		767C29A71D4267D400EFF52B /* Resources */ = {
			isa = PBXResourcesBuildPhase;
			buildActionMask = 2147483647;
			files = (
				767C29BA1D4267D400EFF52B /* LaunchScreen.storyboard in Resources */,
				767C29B71D4267D400EFF52B /* Assets.xcassets in Resources */,
				767C29B21D4267D400EFF52B /* Main.storyboard in Resources */,
			);
			runOnlyForDeploymentPostprocessing = 0;
		};
/* End PBXResourcesBuildPhase section */

/* Begin PBXSourcesBuildPhase section */
		767C29A51D4267D400EFF52B /* Sources */ = {
			isa = PBXSourcesBuildPhase;
			buildActionMask = 2147483647;
			files = (
				767C29AF1D4267D400EFF52B /* ViewController.swift in Sources */,
				767C29AD1D4267D400EFF52B /* AppDelegate.swift in Sources */,
				767C29B51D4267D400EFF52B /* Favourite_Places.xcdatamodeld in Sources */,
				764717151D4377F400D2D176 /* MapViewController.swift in Sources */,
			);
			runOnlyForDeploymentPostprocessing = 0;
		};
/* End PBXSourcesBuildPhase section */

/* Begin PBXVariantGroup section */
		767C29B01D4267D400EFF52B /* Main.storyboard */ = {
			isa = PBXVariantGroup;
			children = (
				767C29B11D4267D400EFF52B /* Base */,
			);
			name = Main.storyboard;
			sourceTree = "<group>";
		};
		767C29B81D4267D400EFF52B /* LaunchScreen.storyboard */ = {
			isa = PBXVariantGroup;
			children = (
				767C29B91D4267D400EFF52B /* Base */,
			);
			name = LaunchScreen.storyboard;
			sourceTree = "<group>";
		};
/* End PBXVariantGroup section */

/* Begin XCBuildConfiguration section */
		767C29BC1D4267D400EFF52B /* Debug */ = {
			isa = XCBuildConfiguration;
			buildSettings = {
				ALWAYS_SEARCH_USER_PATHS = NO;
				CLANG_ANALYZER_NONNULL = YES;
				CLANG_CXX_LANGUAGE_STANDARD = "gnu++0x";
				CLANG_CXX_LIBRARY = "libc++";
				CLANG_ENABLE_MODULES = YES;
				CLANG_ENABLE_OBJC_ARC = YES;
				CLANG_WARN_BOOL_CONVERSION = YES;
				CLANG_WARN_CONSTANT_CONVERSION = YES;
				CLANG_WARN_DIRECT_OBJC_ISA_USAGE = YES_ERROR;
				CLANG_WARN_EMPTY_BODY = YES;
				CLANG_WARN_ENUM_CONVERSION = YES;
				CLANG_WARN_INT_CONVERSION = YES;
				CLANG_WARN_OBJC_ROOT_CLASS = YES_ERROR;
				CLANG_WARN_UNREACHABLE_CODE = YES;
				CLANG_WARN__DUPLICATE_METHOD_MATCH = YES;
				"CODE_SIGN_IDENTITY[sdk=iphoneos*]" = "iPhone Developer";
				COPY_PHASE_STRIP = NO;
				DEBUG_INFORMATION_FORMAT = dwarf;
				ENABLE_STRICT_OBJC_MSGSEND = YES;
				ENABLE_TESTABILITY = YES;
				GCC_C_LANGUAGE_STANDARD = gnu99;
				GCC_DYNAMIC_NO_PIC = NO;
				GCC_NO_COMMON_BLOCKS = YES;
				GCC_OPTIMIZATION_LEVEL = 0;
				GCC_PREPROCESSOR_DEFINITIONS = (
					"DEBUG=1",
					"$(inherited)",
				);
				GCC_WARN_64_TO_32_BIT_CONVERSION = YES;
				GCC_WARN_ABOUT_RETURN_TYPE = YES_ERROR;
				GCC_WARN_UNDECLARED_SELECTOR = YES;
				GCC_WARN_UNINITIALIZED_AUTOS = YES_AGGRESSIVE;
				GCC_WARN_UNUSED_FUNCTION = YES;
				GCC_WARN_UNUSED_VARIABLE = YES;
				IPHONEOS_DEPLOYMENT_TARGET = 9.3;
				MTL_ENABLE_DEBUG_INFO = YES;
				ONLY_ACTIVE_ARCH = YES;
				SDKROOT = iphoneos;
				SWIFT_OPTIMIZATION_LEVEL = "-Onone";
			};
			name = Debug;
		};
		767C29BD1D4267D400EFF52B /* Release */ = {
			isa = XCBuildConfiguration;
			buildSettings = {
				ALWAYS_SEARCH_USER_PATHS = NO;
				CLANG_ANALYZER_NONNULL = YES;
				CLANG_CXX_LANGUAGE_STANDARD = "gnu++0x";
				CLANG_CXX_LIBRARY = "libc++";
				CLANG_ENABLE_MODULES = YES;
				CLANG_ENABLE_OBJC_ARC = YES;
				CLANG_WARN_BOOL_CONVERSION = YES;
				CLANG_WARN_CONSTANT_CONVERSION = YES;
				CLANG_WARN_DIRECT_OBJC_ISA_USAGE = YES_ERROR;
				CLANG_WARN_EMPTY_BODY = YES;
				CLANG_WARN_ENUM_CONVERSION = YES;
				CLANG_WARN_INT_CONVERSION = YES;
				CLANG_WARN_OBJC_ROOT_CLASS = YES_ERROR;
				CLANG_WARN_UNREACHABLE_CODE = YES;
				CLANG_WARN__DUPLICATE_METHOD_MATCH = YES;
				"CODE_SIGN_IDENTITY[sdk=iphoneos*]" = "iPhone Developer";
				COPY_PHASE_STRIP = NO;
				DEBUG_INFORMATION_FORMAT = "dwarf-with-dsym";
				ENABLE_NS_ASSERTIONS = NO;
				ENABLE_STRICT_OBJC_MSGSEND = YES;
				GCC_C_LANGUAGE_STANDARD = gnu99;
				GCC_NO_COMMON_BLOCKS = YES;
				GCC_WARN_64_TO_32_BIT_CONVERSION = YES;
				GCC_WARN_ABOUT_RETURN_TYPE = YES_ERROR;
				GCC_WARN_UNDECLARED_SELECTOR = YES;
				GCC_WARN_UNINITIALIZED_AUTOS = YES_AGGRESSIVE;
				GCC_WARN_UNUSED_FUNCTION = YES;
				GCC_WARN_UNUSED_VARIABLE = YES;
				IPHONEOS_DEPLOYMENT_TARGET = 9.3;
				MTL_ENABLE_DEBUG_INFO = NO;
				SDKROOT = iphoneos;
				VALIDATE_PRODUCT = YES;
			};
			name = Release;
		};
		767C29BF1D4267D400EFF52B /* Debug */ = {
			isa = XCBuildConfiguration;
			buildSettings = {
				ASSETCATALOG_COMPILER_APPICON_NAME = AppIcon;
				CODE_SIGN_IDENTITY = "iPhone Developer";
				INFOPLIST_FILE = "Favourite Places/Info.plist";
				LD_RUNPATH_SEARCH_PATHS = "$(inherited) @executable_path/Frameworks";
				PRODUCT_BUNDLE_IDENTIFIER = "com.gagan.Favourite-Places";
				PRODUCT_NAME = "$(TARGET_NAME)";
			};
			name = Debug;
		};
		767C29C01D4267D400EFF52B /* Release */ = {
			isa = XCBuildConfiguration;
			buildSettings = {
				ASSETCATALOG_COMPILER_APPICON_NAME = AppIcon;
				CODE_SIGN_IDENTITY = "iPhone Developer";
				INFOPLIST_FILE = "Favourite Places/Info.plist";
				LD_RUNPATH_SEARCH_PATHS = "$(inherited) @executable_path/Frameworks";
				PRODUCT_BUNDLE_IDENTIFIER = "com.gagan.Favourite-Places";
				PRODUCT_NAME = "$(TARGET_NAME)";
			};
			name = Release;
		};
/* End XCBuildConfiguration section */

/* Begin XCConfigurationList section */
		767C29A41D4267D400EFF52B /* Build configuration list for PBXProject "Favourite Places" */ = {
			isa = XCConfigurationList;
			buildConfigurations = (
				767C29BC1D4267D400EFF52B /* Debug */,
				767C29BD1D4267D400EFF52B /* Release */,
			);
			defaultConfigurationIsVisible = 0;
			defaultConfigurationName = Release;
		};
		767C29BE1D4267D400EFF52B /* Build configuration list for PBXNativeTarget "Favourite Places" */ = {
			isa = XCConfigurationList;
			buildConfigurations = (
				767C29BF1D4267D400EFF52B /* Debug */,
				767C29C01D4267D400EFF52B /* Release */,
			);
			defaultConfigurationIsVisible = 0;
			defaultConfigurationName = Release;
		};
/* End XCConfigurationList section */

/* Begin XCVersionGroup section */
		767C29B31D4267D400EFF52B /* Favourite_Places.xcdatamodeld */ = {
			isa = XCVersionGroup;
			children = (
				767C29B41D4267D400EFF52B /* Favourite_Places.xcdatamodel */,
			);
			currentVersion = 767C29B41D4267D400EFF52B /* Favourite_Places.xcdatamodel */;
			path = Favourite_Places.xcdatamodeld;
			sourceTree = "<group>";
			versionGroupType = wrapper.xcdatamodel;
		};
/* End XCVersionGroup section */
	};
	rootObject = 767C29A11D4267D400EFF52B /* Project object */;
}
